// !$*UTF8*$!
{
	archiveVersion = 1;
	classes = {
	};
	objectVersion = 51;
	objects = {

/* Begin PBXBuildFile section */
		7FF6AAD9FBE81CB7B6519956 /* Pods_ParstagramTests.framework in Frameworks */ = {isa = PBXBuildFile; fileRef = 9030F6322C314D7955744CBB /* Pods_ParstagramTests.framework */; };
		8E33FE5969DF9AB43C7998BD /* Pods_Parstagram.framework in Frameworks */ = {isa = PBXBuildFile; fileRef = 19244DC542D1135DFF612A63 /* Pods_Parstagram.framework */; };
		ACF74B44549E809A57148DA8 /* Pods_Parstagram_ParstagramUITests.framework in Frameworks */ = {isa = PBXBuildFile; fileRef = 3E13A786823494B7BA2901DA /* Pods_Parstagram_ParstagramUITests.framework */; };
		FE81D9B42640A3A100FA2479 /* AppDelegate.swift in Sources */ = {isa = PBXBuildFile; fileRef = FE81D9B32640A3A100FA2479 /* AppDelegate.swift */; };
		FE81D9B62640A3A100FA2479 /* SceneDelegate.swift in Sources */ = {isa = PBXBuildFile; fileRef = FE81D9B52640A3A100FA2479 /* SceneDelegate.swift */; };
		FE81D9BB2640A3A100FA2479 /* Main.storyboard in Resources */ = {isa = PBXBuildFile; fileRef = FE81D9B92640A3A100FA2479 /* Main.storyboard */; };
		FE81D9BD2640A3A200FA2479 /* Assets.xcassets in Resources */ = {isa = PBXBuildFile; fileRef = FE81D9BC2640A3A200FA2479 /* Assets.xcassets */; };
		FE81D9C02640A3A200FA2479 /* LaunchScreen.storyboard in Resources */ = {isa = PBXBuildFile; fileRef = FE81D9BE2640A3A200FA2479 /* LaunchScreen.storyboard */; };
		FE81D9CB2640A3A200FA2479 /* ParstagramTests.swift in Sources */ = {isa = PBXBuildFile; fileRef = FE81D9CA2640A3A200FA2479 /* ParstagramTests.swift */; };
		FE81D9D62640A3A200FA2479 /* ParstagramUITests.swift in Sources */ = {isa = PBXBuildFile; fileRef = FE81D9D52640A3A200FA2479 /* ParstagramUITests.swift */; };
		FEF520E82640A90900479808 /* LoginViewController.swift in Sources */ = {isa = PBXBuildFile; fileRef = FEF520E72640A90900479808 /* LoginViewController.swift */; };
		FEF520ED2640A91B00479808 /* FeedViewController.swift in Sources */ = {isa = PBXBuildFile; fileRef = FEF520EC2640A91B00479808 /* FeedViewController.swift */; };
		FEF520F82640B0DC00479808 /* CameraViewController.swift in Sources */ = {isa = PBXBuildFile; fileRef = FEF520F72640B0DC00479808 /* CameraViewController.swift */; };
		FEF520FD2640BE9700479808 /* PostCell.swift in Sources */ = {isa = PBXBuildFile; fileRef = FEF520FC2640BE9700479808 /* PostCell.swift */; };
/* End PBXBuildFile section */

/* Begin PBXContainerItemProxy section */
		FE81D9C72640A3A200FA2479 /* PBXContainerItemProxy */ = {
			isa = PBXContainerItemProxy;
			containerPortal = FE81D9A82640A3A100FA2479 /* Project object */;
			proxyType = 1;
			remoteGlobalIDString = FE81D9AF2640A3A100FA2479;
			remoteInfo = Parstagram;
		};
		FE81D9D22640A3A200FA2479 /* PBXContainerItemProxy */ = {
			isa = PBXContainerItemProxy;
			containerPortal = FE81D9A82640A3A100FA2479 /* Project object */;
			proxyType = 1;
			remoteGlobalIDString = FE81D9AF2640A3A100FA2479;
			remoteInfo = Parstagram;
		};
/* End PBXContainerItemProxy section */

/* Begin PBXFileReference section */
		19244DC542D1135DFF612A63 /* Pods_Parstagram.framework */ = {isa = PBXFileReference; explicitFileType = wrapper.framework; includeInIndex = 0; path = Pods_Parstagram.framework; sourceTree = BUILT_PRODUCTS_DIR; };
		29E13A0A8E174A5BEE1E549C /* Pods-Parstagram.debug.xcconfig */ = {isa = PBXFileReference; includeInIndex = 1; lastKnownFileType = text.xcconfig; name = "Pods-Parstagram.debug.xcconfig"; path = "Target Support Files/Pods-Parstagram/Pods-Parstagram.debug.xcconfig"; sourceTree = "<group>"; };
		3E13A786823494B7BA2901DA /* Pods_Parstagram_ParstagramUITests.framework */ = {isa = PBXFileReference; explicitFileType = wrapper.framework; includeInIndex = 0; path = Pods_Parstagram_ParstagramUITests.framework; sourceTree = BUILT_PRODUCTS_DIR; };
		46F308B2C46AED523D4CE997 /* Pods-ParstagramTests.debug.xcconfig */ = {isa = PBXFileReference; includeInIndex = 1; lastKnownFileType = text.xcconfig; name = "Pods-ParstagramTests.debug.xcconfig"; path = "Target Support Files/Pods-ParstagramTests/Pods-ParstagramTests.debug.xcconfig"; sourceTree = "<group>"; };
		49AACE53952CCFF5FB3EABC2 /* Pods-Parstagram-ParstagramUITests.release.xcconfig */ = {isa = PBXFileReference; includeInIndex = 1; lastKnownFileType = text.xcconfig; name = "Pods-Parstagram-ParstagramUITests.release.xcconfig"; path = "Target Support Files/Pods-Parstagram-ParstagramUITests/Pods-Parstagram-ParstagramUITests.release.xcconfig"; sourceTree = "<group>"; };
		62C19D9A4049B3F6B56A5F52 /* Pods-ParstagramTests.release.xcconfig */ = {isa = PBXFileReference; includeInIndex = 1; lastKnownFileType = text.xcconfig; name = "Pods-ParstagramTests.release.xcconfig"; path = "Target Support Files/Pods-ParstagramTests/Pods-ParstagramTests.release.xcconfig"; sourceTree = "<group>"; };
		9030F6322C314D7955744CBB /* Pods_ParstagramTests.framework */ = {isa = PBXFileReference; explicitFileType = wrapper.framework; includeInIndex = 0; path = Pods_ParstagramTests.framework; sourceTree = BUILT_PRODUCTS_DIR; };
		C682F2D8A79E7713A5F57CE8 /* Pods-Parstagram.release.xcconfig */ = {isa = PBXFileReference; includeInIndex = 1; lastKnownFileType = text.xcconfig; name = "Pods-Parstagram.release.xcconfig"; path = "Target Support Files/Pods-Parstagram/Pods-Parstagram.release.xcconfig"; sourceTree = "<group>"; };
		D1A2B933D512F1AA08FC1BD5 /* Pods-Parstagram-ParstagramUITests.debug.xcconfig */ = {isa = PBXFileReference; includeInIndex = 1; lastKnownFileType = text.xcconfig; name = "Pods-Parstagram-ParstagramUITests.debug.xcconfig"; path = "Target Support Files/Pods-Parstagram-ParstagramUITests/Pods-Parstagram-ParstagramUITests.debug.xcconfig"; sourceTree = "<group>"; };
		FE81D9B02640A3A100FA2479 /* Parstagram.app */ = {isa = PBXFileReference; explicitFileType = wrapper.application; includeInIndex = 0; path = Parstagram.app; sourceTree = BUILT_PRODUCTS_DIR; };
		FE81D9B32640A3A100FA2479 /* AppDelegate.swift */ = {isa = PBXFileReference; lastKnownFileType = sourcecode.swift; path = AppDelegate.swift; sourceTree = "<group>"; };
		FE81D9B52640A3A100FA2479 /* SceneDelegate.swift */ = {isa = PBXFileReference; lastKnownFileType = sourcecode.swift; path = SceneDelegate.swift; sourceTree = "<group>"; };
		FE81D9BA2640A3A100FA2479 /* Base */ = {isa = PBXFileReference; lastKnownFileType = file.storyboard; name = Base; path = Base.lproj/Main.storyboard; sourceTree = "<group>"; };
		FE81D9BC2640A3A200FA2479 /* Assets.xcassets */ = {isa = PBXFileReference; lastKnownFileType = folder.assetcatalog; path = Assets.xcassets; sourceTree = "<group>"; };
		FE81D9BF2640A3A200FA2479 /* Base */ = {isa = PBXFileReference; lastKnownFileType = file.storyboard; name = Base; path = Base.lproj/LaunchScreen.storyboard; sourceTree = "<group>"; };
		FE81D9C12640A3A200FA2479 /* Info.plist */ = {isa = PBXFileReference; lastKnownFileType = text.plist.xml; path = Info.plist; sourceTree = "<group>"; };
		FE81D9C62640A3A200FA2479 /* ParstagramTests.xctest */ = {isa = PBXFileReference; explicitFileType = wrapper.cfbundle; includeInIndex = 0; path = ParstagramTests.xctest; sourceTree = BUILT_PRODUCTS_DIR; };
		FE81D9CA2640A3A200FA2479 /* ParstagramTests.swift */ = {isa = PBXFileReference; lastKnownFileType = sourcecode.swift; path = ParstagramTests.swift; sourceTree = "<group>"; };
		FE81D9CC2640A3A200FA2479 /* Info.plist */ = {isa = PBXFileReference; lastKnownFileType = text.plist.xml; path = Info.plist; sourceTree = "<group>"; };
		FE81D9D12640A3A200FA2479 /* ParstagramUITests.xctest */ = {isa = PBXFileReference; explicitFileType = wrapper.cfbundle; includeInIndex = 0; path = ParstagramUITests.xctest; sourceTree = BUILT_PRODUCTS_DIR; };
		FE81D9D52640A3A200FA2479 /* ParstagramUITests.swift */ = {isa = PBXFileReference; lastKnownFileType = sourcecode.swift; path = ParstagramUITests.swift; sourceTree = "<group>"; };
		FE81D9D72640A3A200FA2479 /* Info.plist */ = {isa = PBXFileReference; lastKnownFileType = text.plist.xml; path = Info.plist; sourceTree = "<group>"; };
		FEF520E72640A90900479808 /* LoginViewController.swift */ = {isa = PBXFileReference; lastKnownFileType = sourcecode.swift; path = LoginViewController.swift; sourceTree = "<group>"; };
		FEF520EC2640A91B00479808 /* FeedViewController.swift */ = {isa = PBXFileReference; lastKnownFileType = sourcecode.swift; path = FeedViewController.swift; sourceTree = "<group>"; };
		FEF520F72640B0DC00479808 /* CameraViewController.swift */ = {isa = PBXFileReference; lastKnownFileType = sourcecode.swift; path = CameraViewController.swift; sourceTree = "<group>"; };
		FEF520FC2640BE9700479808 /* PostCell.swift */ = {isa = PBXFileReference; lastKnownFileType = sourcecode.swift; path = PostCell.swift; sourceTree = "<group>"; };
/* End PBXFileReference section */

/* Begin PBXFrameworksBuildPhase section */
		FE81D9AD2640A3A100FA2479 /* Frameworks */ = {
			isa = PBXFrameworksBuildPhase;
			buildActionMask = 2147483647;
			files = (
				8E33FE5969DF9AB43C7998BD /* Pods_Parstagram.framework in Frameworks */,
			);
			runOnlyForDeploymentPostprocessing = 0;
		};
		FE81D9C32640A3A200FA2479 /* Frameworks */ = {
			isa = PBXFrameworksBuildPhase;
			buildActionMask = 2147483647;
			files = (
				7FF6AAD9FBE81CB7B6519956 /* Pods_ParstagramTests.framework in Frameworks */,
			);
			runOnlyForDeploymentPostprocessing = 0;
		};
		FE81D9CE2640A3A200FA2479 /* Frameworks */ = {
			isa = PBXFrameworksBuildPhase;
			buildActionMask = 2147483647;
			files = (
				ACF74B44549E809A57148DA8 /* Pods_Parstagram_ParstagramUITests.framework in Frameworks */,
			);
			runOnlyForDeploymentPostprocessing = 0;
		};
/* End PBXFrameworksBuildPhase section */

/* Begin PBXGroup section */
		4C77F2070F70CDECDA3D954C /* Frameworks */ = {
			isa = PBXGroup;
			children = (
				19244DC542D1135DFF612A63 /* Pods_Parstagram.framework */,
				3E13A786823494B7BA2901DA /* Pods_Parstagram_ParstagramUITests.framework */,
				9030F6322C314D7955744CBB /* Pods_ParstagramTests.framework */,
			);
			name = Frameworks;
			sourceTree = "<group>";
		};
		6B851309A6DC17C472BA0D1E /* Pods */ = {
			isa = PBXGroup;
			children = (
				29E13A0A8E174A5BEE1E549C /* Pods-Parstagram.debug.xcconfig */,
				C682F2D8A79E7713A5F57CE8 /* Pods-Parstagram.release.xcconfig */,
				D1A2B933D512F1AA08FC1BD5 /* Pods-Parstagram-ParstagramUITests.debug.xcconfig */,
				49AACE53952CCFF5FB3EABC2 /* Pods-Parstagram-ParstagramUITests.release.xcconfig */,
				46F308B2C46AED523D4CE997 /* Pods-ParstagramTests.debug.xcconfig */,
				62C19D9A4049B3F6B56A5F52 /* Pods-ParstagramTests.release.xcconfig */,
			);
			path = Pods;
			sourceTree = "<group>";
		};
		FE81D9A72640A3A100FA2479 = {
			isa = PBXGroup;
			children = (
				FE81D9B22640A3A100FA2479 /* Parstagram */,
				FE81D9C92640A3A200FA2479 /* ParstagramTests */,
				FE81D9D42640A3A200FA2479 /* ParstagramUITests */,
				FE81D9B12640A3A100FA2479 /* Products */,
				6B851309A6DC17C472BA0D1E /* Pods */,
				4C77F2070F70CDECDA3D954C /* Frameworks */,
			);
			sourceTree = "<group>";
		};
		FE81D9B12640A3A100FA2479 /* Products */ = {
			isa = PBXGroup;
			children = (
				FE81D9B02640A3A100FA2479 /* Parstagram.app */,
				FE81D9C62640A3A200FA2479 /* ParstagramTests.xctest */,
				FE81D9D12640A3A200FA2479 /* ParstagramUITests.xctest */,
			);
			name = Products;
			sourceTree = "<group>";
		};
		FE81D9B22640A3A100FA2479 /* Parstagram */ = {
			isa = PBXGroup;
			children = (
				FE81D9B32640A3A100FA2479 /* AppDelegate.swift */,
				FE81D9B52640A3A100FA2479 /* SceneDelegate.swift */,
				FE81D9B92640A3A100FA2479 /* Main.storyboard */,
				FE81D9BC2640A3A200FA2479 /* Assets.xcassets */,
				FE81D9BE2640A3A200FA2479 /* LaunchScreen.storyboard */,
				FE81D9C12640A3A200FA2479 /* Info.plist */,
				FEF520E72640A90900479808 /* LoginViewController.swift */,
				FEF520EC2640A91B00479808 /* FeedViewController.swift */,
				FEF520F72640B0DC00479808 /* CameraViewController.swift */,
				FEF520FC2640BE9700479808 /* PostCell.swift */,
			);
			path = Parstagram;
			sourceTree = "<group>";
		};
		FE81D9C92640A3A200FA2479 /* ParstagramTests */ = {
			isa = PBXGroup;
			children = (
				FE81D9CA2640A3A200FA2479 /* ParstagramTests.swift */,
				FE81D9CC2640A3A200FA2479 /* Info.plist */,
			);
			path = ParstagramTests;
			sourceTree = "<group>";
		};
		FE81D9D42640A3A200FA2479 /* ParstagramUITests */ = {
			isa = PBXGroup;
			children = (
				FE81D9D52640A3A200FA2479 /* ParstagramUITests.swift */,
				FE81D9D72640A3A200FA2479 /* Info.plist */,
			);
			path = ParstagramUITests;
			sourceTree = "<group>";
		};
/* End PBXGroup section */

/* Begin PBXNativeTarget section */
		FE81D9AF2640A3A100FA2479 /* Parstagram */ = {
			isa = PBXNativeTarget;
			buildConfigurationList = FE81D9DA2640A3A200FA2479 /* Build configuration list for PBXNativeTarget "Parstagram" */;
			buildPhases = (
				2D746F749029296D04B5AA1E /* [CP] Check Pods Manifest.lock */,
				FE81D9AC2640A3A100FA2479 /* Sources */,
				FE81D9AD2640A3A100FA2479 /* Frameworks */,
				FE81D9AE2640A3A100FA2479 /* Resources */,
				5435C5BB0C37B68570A35B3A /* [CP] Embed Pods Frameworks */,
			);
			buildRules = (
			);
			dependencies = (
			);
			name = Parstagram;
			productName = Parstagram;
			productReference = FE81D9B02640A3A100FA2479 /* Parstagram.app */;
			productType = "com.apple.product-type.application";
		};
		FE81D9C52640A3A200FA2479 /* ParstagramTests */ = {
			isa = PBXNativeTarget;
			buildConfigurationList = FE81D9DD2640A3A200FA2479 /* Build configuration list for PBXNativeTarget "ParstagramTests" */;
			buildPhases = (
				0F57D371757C2BA3C4765D14 /* [CP] Check Pods Manifest.lock */,
				FE81D9C22640A3A200FA2479 /* Sources */,
				FE81D9C32640A3A200FA2479 /* Frameworks */,
				FE81D9C42640A3A200FA2479 /* Resources */,
			);
			buildRules = (
			);
			dependencies = (
				FE81D9C82640A3A200FA2479 /* PBXTargetDependency */,
			);
			name = ParstagramTests;
			productName = ParstagramTests;
			productReference = FE81D9C62640A3A200FA2479 /* ParstagramTests.xctest */;
			productType = "com.apple.product-type.bundle.unit-test";
		};
		FE81D9D02640A3A200FA2479 /* ParstagramUITests */ = {
			isa = PBXNativeTarget;
			buildConfigurationList = FE81D9E02640A3A200FA2479 /* Build configuration list for PBXNativeTarget "ParstagramUITests" */;
			buildPhases = (
				B4C033635212AD48783FC4CF /* [CP] Check Pods Manifest.lock */,
				FE81D9CD2640A3A200FA2479 /* Sources */,
				FE81D9CE2640A3A200FA2479 /* Frameworks */,
				FE81D9CF2640A3A200FA2479 /* Resources */,
				10BA173F15D24BE38BC849D6 /* [CP] Embed Pods Frameworks */,
			);
			buildRules = (
			);
			dependencies = (
				FE81D9D32640A3A200FA2479 /* PBXTargetDependency */,
			);
			name = ParstagramUITests;
			productName = ParstagramUITests;
			productReference = FE81D9D12640A3A200FA2479 /* ParstagramUITests.xctest */;
			productType = "com.apple.product-type.bundle.ui-testing";
		};
/* End PBXNativeTarget section */

/* Begin PBXProject section */
		FE81D9A82640A3A100FA2479 /* Project object */ = {
			isa = PBXProject;
			attributes = {
				LastSwiftUpdateCheck = 1240;
				LastUpgradeCheck = 1240;
				TargetAttributes = {
					FE81D9AF2640A3A100FA2479 = {
						CreatedOnToolsVersion = 12.4;
					};
					FE81D9C52640A3A200FA2479 = {
						CreatedOnToolsVersion = 12.4;
						TestTargetID = FE81D9AF2640A3A100FA2479;
					};
					FE81D9D02640A3A200FA2479 = {
						CreatedOnToolsVersion = 12.4;
						TestTargetID = FE81D9AF2640A3A100FA2479;
					};
				};
			};
			buildConfigurationList = FE81D9AB2640A3A100FA2479 /* Build configuration list for PBXProject "Parstagram" */;
			compatibilityVersion = "Xcode 9.3";
			developmentRegion = en;
			hasScannedForEncodings = 0;
			knownRegions = (
				en,
				Base,
			);
			mainGroup = FE81D9A72640A3A100FA2479;
			productRefGroup = FE81D9B12640A3A100FA2479 /* Products */;
			projectDirPath = "";
			projectRoot = "";
			targets = (
				FE81D9AF2640A3A100FA2479 /* Parstagram */,
				FE81D9C52640A3A200FA2479 /* ParstagramTests */,
				FE81D9D02640A3A200FA2479 /* ParstagramUITests */,
			);
		};
/* End PBXProject section */

/* Begin PBXResourcesBuildPhase section */
		FE81D9AE2640A3A100FA2479 /* Resources */ = {
			isa = PBXResourcesBuildPhase;
			buildActionMask = 2147483647;
			files = (
				FE81D9C02640A3A200FA2479 /* LaunchScreen.storyboard in Resources */,
				FE81D9BD2640A3A200FA2479 /* Assets.xcassets in Resources */,
				FE81D9BB2640A3A100FA2479 /* Main.storyboard in Resources */,
			);
			runOnlyForDeploymentPostprocessing = 0;
		};
		FE81D9C42640A3A200FA2479 /* Resources */ = {
			isa = PBXResourcesBuildPhase;
			buildActionMask = 2147483647;
			files = (
			);
			runOnlyForDeploymentPostprocessing = 0;
		};
		FE81D9CF2640A3A200FA2479 /* Resources */ = {
			isa = PBXResourcesBuildPhase;
			buildActionMask = 2147483647;
			files = (
			);
			runOnlyForDeploymentPostprocessing = 0;
		};
/* End PBXResourcesBuildPhase section */

/* Begin PBXShellScriptBuildPhase section */
		0F57D371757C2BA3C4765D14 /* [CP] Check Pods Manifest.lock */ = {
			isa = PBXShellScriptBuildPhase;
			buildActionMask = 2147483647;
			files = (
			);
			inputFileListPaths = (
			);
			inputPaths = (
				"${PODS_PODFILE_DIR_PATH}/Podfile.lock",
				"${PODS_ROOT}/Manifest.lock",
			);
			name = "[CP] Check Pods Manifest.lock";
			outputFileListPaths = (
			);
			outputPaths = (
				"$(DERIVED_FILE_DIR)/Pods-ParstagramTests-checkManifestLockResult.txt",
			);
			runOnlyForDeploymentPostprocessing = 0;
			shellPath = /bin/sh;
			shellScript = "diff \"${PODS_PODFILE_DIR_PATH}/Podfile.lock\" \"${PODS_ROOT}/Manifest.lock\" > /dev/null\nif [ $? != 0 ] ; then\n    # print error to STDERR\n    echo \"error: The sandbox is not in sync with the Podfile.lock. Run 'pod install' or update your CocoaPods installation.\" >&2\n    exit 1\nfi\n# This output is used by Xcode 'outputs' to avoid re-running this script phase.\necho \"SUCCESS\" > \"${SCRIPT_OUTPUT_FILE_0}\"\n";
			showEnvVarsInLog = 0;
		};
		10BA173F15D24BE38BC849D6 /* [CP] Embed Pods Frameworks */ = {
			isa = PBXShellScriptBuildPhase;
			buildActionMask = 2147483647;
			files = (
			);
			inputFileListPaths = (
				"${PODS_ROOT}/Target Support Files/Pods-Parstagram-ParstagramUITests/Pods-Parstagram-ParstagramUITests-frameworks-${CONFIGURATION}-input-files.xcfilelist",
			);
			name = "[CP] Embed Pods Frameworks";
			outputFileListPaths = (
				"${PODS_ROOT}/Target Support Files/Pods-Parstagram-ParstagramUITests/Pods-Parstagram-ParstagramUITests-frameworks-${CONFIGURATION}-output-files.xcfilelist",
			);
			runOnlyForDeploymentPostprocessing = 0;
			shellPath = /bin/sh;
			shellScript = "\"${PODS_ROOT}/Target Support Files/Pods-Parstagram-ParstagramUITests/Pods-Parstagram-ParstagramUITests-frameworks.sh\"\n";
			showEnvVarsInLog = 0;
		};
		2D746F749029296D04B5AA1E /* [CP] Check Pods Manifest.lock */ = {
			isa = PBXShellScriptBuildPhase;
			buildActionMask = 2147483647;
			files = (
			);
			inputFileListPaths = (
			);
			inputPaths = (
				"${PODS_PODFILE_DIR_PATH}/Podfile.lock",
				"${PODS_ROOT}/Manifest.lock",
			);
			name = "[CP] Check Pods Manifest.lock";
			outputFileListPaths = (
			);
			outputPaths = (
				"$(DERIVED_FILE_DIR)/Pods-Parstagram-checkManifestLockResult.txt",
			);
			runOnlyForDeploymentPostprocessing = 0;
			shellPath = /bin/sh;
			shellScript = "diff \"${PODS_PODFILE_DIR_PATH}/Podfile.lock\" \"${PODS_ROOT}/Manifest.lock\" > /dev/null\nif [ $? != 0 ] ; then\n    # print error to STDERR\n    echo \"error: The sandbox is not in sync with the Podfile.lock. Run 'pod install' or update your CocoaPods installation.\" >&2\n    exit 1\nfi\n# This output is used by Xcode 'outputs' to avoid re-running this script phase.\necho \"SUCCESS\" > \"${SCRIPT_OUTPUT_FILE_0}\"\n";
			showEnvVarsInLog = 0;
		};
		5435C5BB0C37B68570A35B3A /* [CP] Embed Pods Frameworks */ = {
			isa = PBXShellScriptBuildPhase;
			buildActionMask = 2147483647;
			files = (
			);
			inputFileListPaths = (
				"${PODS_ROOT}/Target Support Files/Pods-Parstagram/Pods-Parstagram-frameworks-${CONFIGURATION}-input-files.xcfilelist",
			);
			name = "[CP] Embed Pods Frameworks";
			outputFileListPaths = (
				"${PODS_ROOT}/Target Support Files/Pods-Parstagram/Pods-Parstagram-frameworks-${CONFIGURATION}-output-files.xcfilelist",
			);
			runOnlyForDeploymentPostprocessing = 0;
			shellPath = /bin/sh;
			shellScript = "\"${PODS_ROOT}/Target Support Files/Pods-Parstagram/Pods-Parstagram-frameworks.sh\"\n";
			showEnvVarsInLog = 0;
		};
		B4C033635212AD48783FC4CF /* [CP] Check Pods Manifest.lock */ = {
			isa = PBXShellScriptBuildPhase;
			buildActionMask = 2147483647;
			files = (
			);
			inputFileListPaths = (
			);
			inputPaths = (
				"${PODS_PODFILE_DIR_PATH}/Podfile.lock",
				"${PODS_ROOT}/Manifest.lock",
			);
			name = "[CP] Check Pods Manifest.lock";
			outputFileListPaths = (
			);
			outputPaths = (
				"$(DERIVED_FILE_DIR)/Pods-Parstagram-ParstagramUITests-checkManifestLockResult.txt",
			);
			runOnlyForDeploymentPostprocessing = 0;
			shellPath = /bin/sh;
			shellScript = "diff \"${PODS_PODFILE_DIR_PATH}/Podfile.lock\" \"${PODS_ROOT}/Manifest.lock\" > /dev/null\nif [ $? != 0 ] ; then\n    # print error to STDERR\n    echo \"error: The sandbox is not in sync with the Podfile.lock. Run 'pod install' or update your CocoaPods installation.\" >&2\n    exit 1\nfi\n# This output is used by Xcode 'outputs' to avoid re-running this script phase.\necho \"SUCCESS\" > \"${SCRIPT_OUTPUT_FILE_0}\"\n";
			showEnvVarsInLog = 0;
		};
/* End PBXShellScriptBuildPhase section */

/* Begin PBXSourcesBuildPhase section */
		FE81D9AC2640A3A100FA2479 /* Sources */ = {
			isa = PBXSourcesBuildPhase;
			buildActionMask = 2147483647;
			files = (
				FEF520E82640A90900479808 /* LoginViewController.swift in Sources */,
				FEF520F82640B0DC00479808 /* CameraViewController.swift in Sources */,
				FE81D9B42640A3A100FA2479 /* AppDelegate.swift in Sources */,
				FEF520ED2640A91B00479808 /* FeedViewController.swift in Sources */,
				FE81D9B62640A3A100FA2479 /* SceneDelegate.swift in Sources */,
				FEF520FD2640BE9700479808 /* PostCell.swift in Sources */,
			);
			runOnlyForDeploymentPostprocessing = 0;
		};
		FE81D9C22640A3A200FA2479 /* Sources */ = {
			isa = PBXSourcesBuildPhase;
			buildActionMask = 2147483647;
			files = (
				FE81D9CB2640A3A200FA2479 /* ParstagramTests.swift in Sources */,
			);
			runOnlyForDeploymentPostprocessing = 0;
		};
		FE81D9CD2640A3A200FA2479 /* Sources */ = {
			isa = PBXSourcesBuildPhase;
			buildActionMask = 2147483647;
			files = (
				FE81D9D62640A3A200FA2479 /* ParstagramUITests.swift in Sources */,
			);
			runOnlyForDeploymentPostprocessing = 0;
		};
/* End PBXSourcesBuildPhase section */

/* Begin PBXTargetDependency section */
		FE81D9C82640A3A200FA2479 /* PBXTargetDependency */ = {
			isa = PBXTargetDependency;
			target = FE81D9AF2640A3A100FA2479 /* Parstagram */;
			targetProxy = FE81D9C72640A3A200FA2479 /* PBXContainerItemProxy */;
		};
		FE81D9D32640A3A200FA2479 /* PBXTargetDependency */ = {
			isa = PBXTargetDependency;
			target = FE81D9AF2640A3A100FA2479 /* Parstagram */;
			targetProxy = FE81D9D22640A3A200FA2479 /* PBXContainerItemProxy */;
		};
/* End PBXTargetDependency section */

/* Begin PBXVariantGroup section */
		FE81D9B92640A3A100FA2479 /* Main.storyboard */ = {
			isa = PBXVariantGroup;
			children = (
				FE81D9BA2640A3A100FA2479 /* Base */,
			);
			name = Main.storyboard;
			sourceTree = "<group>";
		};
		FE81D9BE2640A3A200FA2479 /* LaunchScreen.storyboard */ = {
			isa = PBXVariantGroup;
			children = (
				FE81D9BF2640A3A200FA2479 /* Base */,
			);
			name = LaunchScreen.storyboard;
			sourceTree = "<group>";
		};
/* End PBXVariantGroup section */

/* Begin XCBuildConfiguration section */
		FE81D9D82640A3A200FA2479 /* Debug */ = {
			isa = XCBuildConfiguration;
			buildSettings = {
				ALWAYS_SEARCH_USER_PATHS = NO;
				CLANG_ANALYZER_NONNULL = YES;
				CLANG_ANALYZER_NUMBER_OBJECT_CONVERSION = YES_AGGRESSIVE;
				CLANG_CXX_LANGUAGE_STANDARD = "gnu++14";
				CLANG_CXX_LIBRARY = "libc++";
				CLANG_ENABLE_MODULES = YES;
				CLANG_ENABLE_OBJC_ARC = YES;
				CLANG_ENABLE_OBJC_WEAK = YES;
				CLANG_WARN_BLOCK_CAPTURE_AUTORELEASING = YES;
				CLANG_WARN_BOOL_CONVERSION = YES;
				CLANG_WARN_COMMA = YES;
				CLANG_WARN_CONSTANT_CONVERSION = YES;
				CLANG_WARN_DEPRECATED_OBJC_IMPLEMENTATIONS = YES;
				CLANG_WARN_DIRECT_OBJC_ISA_USAGE = YES_ERROR;
				CLANG_WARN_DOCUMENTATION_COMMENTS = YES;
				CLANG_WARN_EMPTY_BODY = YES;
				CLANG_WARN_ENUM_CONVERSION = YES;
				CLANG_WARN_INFINITE_RECURSION = YES;
				CLANG_WARN_INT_CONVERSION = YES;
				CLANG_WARN_NON_LITERAL_NULL_CONVERSION = YES;
				CLANG_WARN_OBJC_IMPLICIT_RETAIN_SELF = YES;
				CLANG_WARN_OBJC_LITERAL_CONVERSION = YES;
				CLANG_WARN_OBJC_ROOT_CLASS = YES_ERROR;
				CLANG_WARN_QUOTED_INCLUDE_IN_FRAMEWORK_HEADER = YES;
				CLANG_WARN_RANGE_LOOP_ANALYSIS = YES;
				CLANG_WARN_STRICT_PROTOTYPES = YES;
				CLANG_WARN_SUSPICIOUS_MOVE = YES;
				CLANG_WARN_UNGUARDED_AVAILABILITY = YES_AGGRESSIVE;
				CLANG_WARN_UNREACHABLE_CODE = YES;
				CLANG_WARN__DUPLICATE_METHOD_MATCH = YES;
				COPY_PHASE_STRIP = NO;
				DEBUG_INFORMATION_FORMAT = dwarf;
				ENABLE_STRICT_OBJC_MSGSEND = YES;
				ENABLE_TESTABILITY = YES;
				GCC_C_LANGUAGE_STANDARD = gnu11;
				GCC_DYNAMIC_NO_PIC = NO;
				GCC_NO_COMMON_BLOCKS = YES;
				GCC_OPTIMIZATION_LEVEL = 0;
				GCC_PREPROCESSOR_DEFINITIONS = (
					"DEBUG=1",
					"$(inherited)",
				);
				GCC_WARN_64_TO_32_BIT_CONVERSION = YES;
				GCC_WARN_ABOUT_RETURN_TYPE = YES_ERROR;
				GCC_WARN_UNDECLARED_SELECTOR = YES;
				GCC_WARN_UNINITIALIZED_AUTOS = YES_AGGRESSIVE;
				GCC_WARN_UNUSED_FUNCTION = YES;
				GCC_WARN_UNUSED_VARIABLE = YES;
				IPHONEOS_DEPLOYMENT_TARGET = 14.4;
				MTL_ENABLE_DEBUG_INFO = INCLUDE_SOURCE;
				MTL_FAST_MATH = YES;
				ONLY_ACTIVE_ARCH = YES;
				SDKROOT = iphoneos;
				SWIFT_ACTIVE_COMPILATION_CONDITIONS = DEBUG;
				SWIFT_OPTIMIZATION_LEVEL = "-Onone";
			};
			name = Debug;
		};
		FE81D9D92640A3A200FA2479 /* Release */ = {
			isa = XCBuildConfiguration;
			buildSettings = {
				ALWAYS_SEARCH_USER_PATHS = NO;
				CLANG_ANALYZER_NONNULL = YES;
				CLANG_ANALYZER_NUMBER_OBJECT_CONVERSION = YES_AGGRESSIVE;
				CLANG_CXX_LANGUAGE_STANDARD = "gnu++14";
				CLANG_CXX_LIBRARY = "libc++";
				CLANG_ENABLE_MODULES = YES;
				CLANG_ENABLE_OBJC_ARC = YES;
				CLANG_ENABLE_OBJC_WEAK = YES;
				CLANG_WARN_BLOCK_CAPTURE_AUTORELEASING = YES;
				CLANG_WARN_BOOL_CONVERSION = YES;
				CLANG_WARN_COMMA = YES;
				CLANG_WARN_CONSTANT_CONVERSION = YES;
				CLANG_WARN_DEPRECATED_OBJC_IMPLEMENTATIONS = YES;
				CLANG_WARN_DIRECT_OBJC_ISA_USAGE = YES_ERROR;
				CLANG_WARN_DOCUMENTATION_COMMENTS = YES;
				CLANG_WARN_EMPTY_BODY = YES;
				CLANG_WARN_ENUM_CONVERSION = YES;
				CLANG_WARN_INFINITE_RECURSION = YES;
				CLANG_WARN_INT_CONVERSION = YES;
				CLANG_WARN_NON_LITERAL_NULL_CONVERSION = YES;
				CLANG_WARN_OBJC_IMPLICIT_RETAIN_SELF = YES;
				CLANG_WARN_OBJC_LITERAL_CONVERSION = YES;
				CLANG_WARN_OBJC_ROOT_CLASS = YES_ERROR;
				CLANG_WARN_QUOTED_INCLUDE_IN_FRAMEWORK_HEADER = YES;
				CLANG_WARN_RANGE_LOOP_ANALYSIS = YES;
				CLANG_WARN_STRICT_PROTOTYPES = YES;
				CLANG_WARN_SUSPICIOUS_MOVE = YES;
				CLANG_WARN_UNGUARDED_AVAILABILITY = YES_AGGRESSIVE;
				CLANG_WARN_UNREACHABLE_CODE = YES;
				CLANG_WARN__DUPLICATE_METHOD_MATCH = YES;
				COPY_PHASE_STRIP = NO;
				DEBUG_INFORMATION_FORMAT = "dwarf-with-dsym";
				ENABLE_NS_ASSERTIONS = NO;
				ENABLE_STRICT_OBJC_MSGSEND = YES;
				GCC_C_LANGUAGE_STANDARD = gnu11;
				GCC_NO_COMMON_BLOCKS = YES;
				GCC_WARN_64_TO_32_BIT_CONVERSION = YES;
				GCC_WARN_ABOUT_RETURN_TYPE = YES_ERROR;
				GCC_WARN_UNDECLARED_SELECTOR = YES;
				GCC_WARN_UNINITIALIZED_AUTOS = YES_AGGRESSIVE;
				GCC_WARN_UNUSED_FUNCTION = YES;
				GCC_WARN_UNUSED_VARIABLE = YES;
				IPHONEOS_DEPLOYMENT_TARGET = 14.4;
				MTL_ENABLE_DEBUG_INFO = NO;
				MTL_FAST_MATH = YES;
				SDKROOT = iphoneos;
				SWIFT_COMPILATION_MODE = wholemodule;
				SWIFT_OPTIMIZATION_LEVEL = "-O";
				VALIDATE_PRODUCT = YES;
			};
			name = Release;
		};
		FE81D9DB2640A3A200FA2479 /* Debug */ = {
			isa = XCBuildConfiguration;
			baseConfigurationReference = 29E13A0A8E174A5BEE1E549C /* Pods-Parstagram.debug.xcconfig */;
			buildSettings = {
				ASSETCATALOG_COMPILER_APPICON_NAME = AppIcon;
				ASSETCATALOG_COMPILER_GLOBAL_ACCENT_COLOR_NAME = AccentColor;
				CODE_SIGN_STYLE = Automatic;
				INFOPLIST_FILE = Parstagram/Info.plist;
				LD_RUNPATH_SEARCH_PATHS = (
					"$(inherited)",
					"@executable_path/Frameworks",
				);
				PRODUCT_BUNDLE_IDENTIFIER = codepath.Parstagram;
				PRODUCT_NAME = "$(TARGET_NAME)";
				SWIFT_VERSION = 5.0;
				TARGETED_DEVICE_FAMILY = "1,2";
			};
			name = Debug;
		};
		FE81D9DC2640A3A200FA2479 /* Release */ = {
			isa = XCBuildConfiguration;
			baseConfigurationReference = C682F2D8A79E7713A5F57CE8 /* Pods-Parstagram.release.xcconfig */;
			buildSettings = {
				ASSETCATALOG_COMPILER_APPICON_NAME = AppIcon;
				ASSETCATALOG_COMPILER_GLOBAL_ACCENT_COLOR_NAME = AccentColor;
				CODE_SIGN_STYLE = Automatic;
				INFOPLIST_FILE = Parstagram/Info.plist;
				LD_RUNPATH_SEARCH_PATHS = (
					"$(inherited)",
					"@executable_path/Frameworks",
				);
				PRODUCT_BUNDLE_IDENTIFIER = codepath.Parstagram;
				PRODUCT_NAME = "$(TARGET_NAME)";
				SWIFT_VERSION = 5.0;
				TARGETED_DEVICE_FAMILY = "1,2";
			};
			name = Release;
		};
		FE81D9DE2640A3A200FA2479 /* Debug */ = {
			isa = XCBuildConfiguration;
			baseConfigurationReference = 46F308B2C46AED523D4CE997 /* Pods-ParstagramTests.debug.xcconfig */;
			buildSettings = {
				ALWAYS_EMBED_SWIFT_STANDARD_LIBRARIES = YES;
				BUNDLE_LOADER = "$(TEST_HOST)";
				CODE_SIGN_STYLE = Automatic;
				INFOPLIST_FILE = ParstagramTests/Info.plist;
				IPHONEOS_DEPLOYMENT_TARGET = 14.4;
				LD_RUNPATH_SEARCH_PATHS = (
					"$(inherited)",
					"@executable_path/Frameworks",
					"@loader_path/Frameworks",
				);
				PRODUCT_BUNDLE_IDENTIFIER = codepath.ParstagramTests;
				PRODUCT_NAME = "$(TARGET_NAME)";
				SWIFT_VERSION = 5.0;
				TARGETED_DEVICE_FAMILY = "1,2";
				TEST_HOST = "$(BUILT_PRODUCTS_DIR)/Parstagram.app/Parstagram";
			};
			name = Debug;
		};
		FE81D9DF2640A3A200FA2479 /* Release */ = {
			isa = XCBuildConfiguration;
			baseConfigurationReference = 62C19D9A4049B3F6B56A5F52 /* Pods-ParstagramTests.release.xcconfig */;
			buildSettings = {
				ALWAYS_EMBED_SWIFT_STANDARD_LIBRARIES = YES;
				BUNDLE_LOADER = "$(TEST_HOST)";
				CODE_SIGN_STYLE = Automatic;
				INFOPLIST_FILE = ParstagramTests/Info.plist;
				IPHONEOS_DEPLOYMENT_TARGET = 14.4;
				LD_RUNPATH_SEARCH_PATHS = (
					"$(inherited)",
					"@executable_path/Frameworks",
					"@loader_path/Frameworks",
				);
				PRODUCT_BUNDLE_IDENTIFIER = codepath.ParstagramTests;
				PRODUCT_NAME = "$(TARGET_NAME)";
				SWIFT_VERSION = 5.0;
				TARGETED_DEVICE_FAMILY = "1,2";
				TEST_HOST = "$(BUILT_PRODUCTS_DIR)/Parstagram.app/Parstagram";
			};
			name = Release;
		};
		FE81D9E12640A3A200FA2479 /* Debug */ = {
			isa = XCBuildConfiguration;
			baseConfigurationReference = D1A2B933D512F1AA08FC1BD5 /* Pods-Parstagram-ParstagramUITests.debug.xcconfig */;
			buildSettings = {
				ALWAYS_EMBED_SWIFT_STANDARD_LIBRARIES = YES;
				CODE_SIGN_STYLE = Automatic;
				INFOPLIST_FILE = ParstagramUITests/Info.plist;
				LD_RUNPATH_SEARCH_PATHS = (
					"$(inherited)",
					"@executable_path/Frameworks",
					"@loader_path/Frameworks",
				);
				PRODUCT_BUNDLE_IDENTIFIER = codepath.ParstagramUITests;
				PRODUCT_NAME = "$(TARGET_NAME)";
				SWIFT_VERSION = 5.0;
				TARGETED_DEVICE_FAMILY = "1,2";
				TEST_TARGET_NAME = Parstagram;
			};
			name = Debug;
		};
		FE81D9E22640A3A200FA2479 /* Release */ = {
			isa = XCBuildConfiguration;
			baseConfigurationReference = 49AACE53952CCFF5FB3EABC2 /* Pods-Parstagram-ParstagramUITests.release.xcconfig */;
			buildSettings = {
				ALWAYS_EMBED_SWIFT_STANDARD_LIBRARIES = YES;
				CODE_SIGN_STYLE = Automatic;
				INFOPLIST_FILE = ParstagramUITests/Info.plist;
				LD_RUNPATH_SEARCH_PATHS = (
					"$(inherited)",
					"@executable_path/Frameworks",
					"@loader_path/Frameworks",
				);
				PRODUCT_BUNDLE_IDENTIFIER = codepath.ParstagramUITests;
				PRODUCT_NAME = "$(TARGET_NAME)";
				SWIFT_VERSION = 5.0;
				TARGETED_DEVICE_FAMILY = "1,2";
				TEST_TARGET_NAME = Parstagram;
			};
			name = Release;
		};
/* End XCBuildConfiguration section */

/* Begin XCConfigurationList section */
		FE81D9AB2640A3A100FA2479 /* Build configuration list for PBXProject "Parstagram" */ = {
			isa = XCConfigurationList;
			buildConfigurations = (
				FE81D9D82640A3A200FA2479 /* Debug */,
				FE81D9D92640A3A200FA2479 /* Release */,
			);
			defaultConfigurationIsVisible = 0;
			defaultConfigurationName = Release;
		};
		FE81D9DA2640A3A200FA2479 /* Build configuration list for PBXNativeTarget "Parstagram" */ = {
			isa = XCConfigurationList;
			buildConfigurations = (
				FE81D9DB2640A3A200FA2479 /* Debug */,
				FE81D9DC2640A3A200FA2479 /* Release */,
			);
			defaultConfigurationIsVisible = 0;
			defaultConfigurationName = Release;
		};
		FE81D9DD2640A3A200FA2479 /* Build configuration list for PBXNativeTarget "ParstagramTests" */ = {
			isa = XCConfigurationList;
			buildConfigurations = (
				FE81D9DE2640A3A200FA2479 /* Debug */,
				FE81D9DF2640A3A200FA2479 /* Release */,
			);
			defaultConfigurationIsVisible = 0;
			defaultConfigurationName = Release;
		};
		FE81D9E02640A3A200FA2479 /* Build configuration list for PBXNativeTarget "ParstagramUITests" */ = {
			isa = XCConfigurationList;
			buildConfigurations = (
				FE81D9E12640A3A200FA2479 /* Debug */,
				FE81D9E22640A3A200FA2479 /* Release */,
			);
			defaultConfigurationIsVisible = 0;
			defaultConfigurationName = Release;
		};
/* End XCConfigurationList section */
	};
	rootObject = FE81D9A82640A3A100FA2479 /* Project object */;
}
